
Microsoft Visual Studio Solution File, Format Version 12.00
# Visual Studio 2012
Project("{FAE04EC0-301F-11D3-BF4B-00C04F79EFBC}") = "Utilities.Core", "Utilities.Core\Utilities.Core.csproj", "{7ECD054B-C1AD-4940-B9EE-35146729C52F}"
EndProject
Project("{FAE04EC0-301F-11D3-BF4B-00C04F79EFBC}") = "Utilities.Tests", "Utilities.Tests\Utilities.Tests.csproj", "{AA651DB8-DE75-42F8-89E8-4CD14FF2EF2C}"
EndProject
Global
	GlobalSection(SolutionConfigurationPlatforms) = preSolution
		Debug|Any CPU = Debug|Any CPU
		Release|Any CPU = Release|Any CPU
	EndGlobalSection
	GlobalSection(ProjectConfigurationPlatforms) = postSolution
		{7ECD054B-C1AD-4940-B9EE-35146729C52F}.Debug|Any CPU.ActiveCfg = Debug|Any CPU
		{7ECD054B-C1AD-4940-B9EE-35146729C52F}.Debug|Any CPU.Build.0 = Debug|Any CPU
		{7ECD054B-C1AD-4940-B9EE-35146729C52F}.Release|Any CPU.ActiveCfg = Release|Any CPU
		{7ECD054B-C1AD-4940-B9EE-35146729C52F}.Release|Any CPU.Build.0 = Release|Any CPU
		{AA651DB8-DE75-42F8-89E8-4CD14FF2EF2C}.Debug|Any CPU.ActiveCfg = Debug|Any CPU
		{AA651DB8-DE75-42F8-89E8-4CD14FF2EF2C}.Debug|Any CPU.Build.0 = Debug|Any CPU
		{AA651DB8-DE75-42F8-89E8-4CD14FF2EF2C}.Release|Any CPU.ActiveCfg = Release|Any CPU
		{AA651DB8-DE75-42F8-89E8-4CD14FF2EF2C}.Release|Any CPU.Build.0 = Release|Any CPU
	EndGlobalSection
	GlobalSection(SolutionProperties) = preSolution
		HideSolutionNode = FALSE
	EndGlobalSection
EndGlobal
